
Microsoft Visual Studio Solution File, Format Version 12.00
# Visual Studio Version 17
VisualStudioVersion = 17.8.34525.116
MinimumVisualStudioVersion = 10.0.40219.1
Project("{FAE04EC0-301F-11D3-BF4B-00C04F79EFBC}") = "GymWebApp", "GymWebApp.csproj", "{22D885A3-4C49-4CAE-BA9B-0C8FEA0FBFDF}"
EndProject
Global
	GlobalSection(SolutionConfigurationPlatforms) = preSolution
		Debug|Any CPU = Debug|Any CPU
		Release|Any CPU = Release|Any CPU
	EndGlobalSection
	GlobalSection(ProjectConfigurationPlatforms) = postSolution
		{22D885A3-4C49-4CAE-BA9B-0C8FEA0FBFDF}.Debug|Any CPU.ActiveCfg = Debug|Any CPU
		{22D885A3-4C49-4CAE-BA9B-0C8FEA0FBFDF}.Debug|Any CPU.Build.0 = Debug|Any CPU
		{22D885A3-4C49-4CAE-BA9B-0C8FEA0FBFDF}.Release|Any CPU.ActiveCfg = Release|Any CPU
		{22D885A3-4C49-4CAE-BA9B-0C8FEA0FBFDF}.Release|Any CPU.Build.0 = Release|Any CPU
	EndGlobalSection
	GlobalSection(SolutionProperties) = preSolution
		HideSolutionNode = FALSE
	EndGlobalSection
	GlobalSection(ExtensibilityGlobals) = postSolution
		SolutionGuid = {53AAB203-FA10-4863-85CA-C6F6A9AB6CDB}
	EndGlobalSection
EndGlobal
